
Microsoft Visual Studio Solution File, Format Version 12.00
# Visual Studio 15
VisualStudioVersion = 15.0.27130.2036
MinimumVisualStudioVersion = 10.0.40219.1
Project("{FAE04EC0-301F-11D3-BF4B-00C04F79EFBC}") = "WebApplication1", "WebApplication1\WebApplication1.csproj", "{70C23994-168F-4F07-86EE-171F181CB473}"
EndProject
Global
	GlobalSection(SolutionConfigurationPlatforms) = preSolution
		Debug|Any CPU = Debug|Any CPU
		Release|Any CPU = Release|Any CPU
	EndGlobalSection
	GlobalSection(ProjectConfigurationPlatforms) = postSolution
		{70C23994-168F-4F07-86EE-171F181CB473}.Debug|Any CPU.ActiveCfg = Debug|Any CPU
		{70C23994-168F-4F07-86EE-171F181CB473}.Debug|Any CPU.Build.0 = Debug|Any CPU
		{70C23994-168F-4F07-86EE-171F181CB473}.Release|Any CPU.ActiveCfg = Release|Any CPU
		{70C23994-168F-4F07-86EE-171F181CB473}.Release|Any CPU.Build.0 = Release|Any CPU
	EndGlobalSection
	GlobalSection(SolutionProperties) = preSolution
		HideSolutionNode = FALSE
	EndGlobalSection
	GlobalSection(ExtensibilityGlobals) = postSolution
		SolutionGuid = {E8DE228B-B241-4C99-A997-6521C45C7445}
	EndGlobalSection
EndGlobal
